<?xml version="1.0" encoding="utf-8"?>
<Project ToolsVersion="4.0" xmlns="http://schemas.microsoft.com/developer/msbuild/2003">
  <ItemGroup>
    <Filter Include="Source Files">
      <UniqueIdentifier>{4FC737F1-C7A5-4376-A066-2A32D752A2FF}</UniqueIdentifier>
      <Extensions>cpp;c;cc;cxx;def;odl;idl;hpj;bat;asm;asmx</Extensions>
    </Filter>
    <Filter Include="Header Files">
      <UniqueIdentifier>{93995380-89BD-4b04-88EB-625FBE52EBFB}</UniqueIdentifier>
      <Extensions>h;hpp;hxx;hm;inl;inc;xsd</Extensions>
    </Filter>
    <Filter Include="Resource Files">
      <UniqueIdentifier>{67DA6AB6-F800-4c08-8B7A-83BB121AAD01}</UniqueIdentifier>
      <Extensions>rc;ico;cur;bmp;dlg;rc2;rct;bin;rgs;gif;jpg;jpeg;jpe;resx;tiff;tif;png;wav;mfcribbon-ms</Extensions>
    </Filter>
  </ItemGroup>
  <ItemGroup>
    <ClInclude Include="Resource.h">
      <Filter>Header Files</Filter>
    </ClInclude>
    <ClInclude Include="WindowsException.h">
      <Filter>Header Files</Filter>
    </ClInclude>
    <ClInclude Include="StringResource.h">
      <Filter>Header Files</Filter>
    </ClInclude>
    <ClInclude Include="LocalFreeDeleter.h">
      <Filter>Header Files</Filter>
    </ClInclude>
    <ClInclude Include="targetver.h">
      <Filter>Header Files</Filter>
    </ClInclude>
    <ClInclude Include="UI\Windows\Main\MainWindowController.h">
      <Filter>Header Files</Filter>
    </ClInclude>
    <ClInclude Include="UI\Windows\Window.h">
      <Filter>Header Files</Filter>
    </ClInclude>
    <ClInclude Include="UI\Windows\WindowClass.h">
      <Filter>Header Files</Filter>
    </ClInclude>
    <ClInclude Include="UI\Windows\WindowController.h">
      <Filter>Header Files</Filter>
    </ClInclude>
    <ClInclude Include="UI\Dialogs\ModalDialog.h">
      <Filter>Header Files</Filter>
    </ClInclude>
    <ClInclude Include="UI\Dialogs\DialogControllerFactory.h">
      <Filter>Header Files</Filter>
    </ClInclude>
    <ClInclude Include="UI\Dialogs\ModalDialogController.h">
      <Filter>Header Files</Filter>
    </ClInclude>
    <ClInclude Include="UI\Dialogs\Edit\EditDialogController.h">
      <Filter>Header Files</Filter>
    </ClInclude>
    <ClInclude Include="UI\Dialogs\About\AboutDialogController.h">
      <Filter>Header Files</Filter>
    </ClInclude>
    <ClInclude Include="UI\Dialogs\Edit\EditDialogViewModel.h">
      <Filter>Header Files</Filter>
    </ClInclude>
    <ClInclude Include="UI\Dialogs\Controls.h">
      <Filter>Header Files</Filter>
    </ClInclude>
    <ClInclude Include="CustomMessages.h">
      <Filter>Header Files</Filter>
    </ClInclude>
    <ClInclude Include="UI\Windows\WindowFactory.h">
      <Filter>Header Files</Filter>
    </ClInclude>
    <ClInclude Include="UI\Canvas.h">
      <Filter>Header Files</Filter>
    </ClInclude>
    <ClInclude Include="UI\CanvasTools.h">
      <Filter>Header Files</Filter>
    </ClInclude>
    <ClInclude Include="Application.h">
      <Filter>Header Files</Filter>
    </ClInclude>
    <ClInclude Include="UI\Controls\TreeView\TreeView.h">
      <Filter>Header Files</Filter>
    </ClInclude>
    <ClInclude Include="UI\Controls\Splitter\Splitter.h">
      <Filter>Header Files</Filter>
    </ClInclude>
    <ClInclude Include="UI\Controls\Splitter\Controller.h">
      <Filter>Header Files</Filter>
    </ClInclude>
    <ClInclude Include="UI\Windows\ConfigPane\ConfigPane.h">
      <Filter>Header Files</Filter>
    </ClInclude>
    <ClInclude Include="UI\Windows\ContentPane\ContentPane.h">
      <Filter>Header Files</Filter>
    </ClInclude>
    <ClInclude Include="StringConverter.h">
      <Filter>Header Files</Filter>
    </ClInclude>
  </ItemGroup>
  <ItemGroup>
    <ClCompile Include="RemoteScreen.cpp">
      <Filter>Source Files</Filter>
    </ClCompile>
    <ClCompile Include="WindowsException.cpp">
      <Filter>Source Files</Filter>
    </ClCompile>
    <ClCompile Include="StringResource.cpp">
      <Filter>Source Files</Filter>
    </ClCompile>
    <ClCompile Include="UI\Windows\Main\MainWindowController.cpp">
      <Filter>Source Files</Filter>
    </ClCompile>
    <ClCompile Include="UI\Windows\Window.cpp">
      <Filter>Source Files</Filter>
    </ClCompile>
    <ClCompile Include="UI\Windows\WindowClass.cpp">
      <Filter>Source Files</Filter>
    </ClCompile>
    <ClCompile Include="UI\Windows\WindowController.cpp">
      <Filter>Source Files</Filter>
    </ClCompile>
    <ClCompile Include="UI\Dialogs\Edit\EditDialogController.cpp">
      <Filter>Source Files</Filter>
    </ClCompile>
    <ClCompile Include="UI\Dialogs\About\AboutDialogController.cpp">
      <Filter>Source Files</Filter>
    </ClCompile>
    <ClCompile Include="UI\Windows\WindowFactory.cpp">
      <Filter>Source Files</Filter>
    </ClCompile>
    <ClCompile Include="Application.cpp">
      <Filter>Source Files</Filter>
    </ClCompile>
    <ClCompile Include="UI\Controls\TreeView\TreeView.cpp">
      <Filter>Source Files</Filter>
    </ClCompile>
    <ClCompile Include="UI\Controls\Splitter\Splitter.cpp">
      <Filter>Source Files</Filter>
    </ClCompile>
    <ClCompile Include="UI\Controls\Splitter\Controller.cpp">
      <Filter>Source Files</Filter>
    </ClCompile>
    <ClCompile Include="UI\Windows\ConfigPane\ConfigPane.cpp">
      <Filter>Source Files</Filter>
    </ClCompile>
    <ClCompile Include="UI\Windows\ContentPane\ContentPane.cpp">
      <Filter>Source Files</Filter>
    </ClCompile>
    <ClCompile Include="StringConverter.cpp">
      <Filter>Source Files</Filter>
    </ClCompile>
  </ItemGroup>
  <ItemGroup>
    <ResourceCompile Include="RemoteScreen.rc">
      <Filter>Resource Files</Filter>
    </ResourceCompile>
  </ItemGroup>
  <ItemGroup>
    <Image Include="RemoteScreen.ico">
      <Filter>Resource Files</Filter>
    </Image>
  </ItemGroup>
</Project>